# This file is automatically @generated by Cargo.
# It is not intended for manual editing.
version = 4

[[package]]
name = "alphanumeric"
version = "0.2.0"
source = "registry+https://github.com/rust-lang/crates.io-index"
checksum = "497c98358c446f25a9818840e5ce86908d3ef2a0d6099ccc410a8f0eda4cd055"
dependencies = [
 "to_segments",
]

[[package]]
name = "is-truthy"
version = "0.1.1"
dependencies = [
 "alphanumeric",
 "simple-string-patterns",
]

[[package]]
name = "simple-string-patterns"
version = "0.4.0"
source = "registry+https://github.com/rust-lang/crates.io-index"
checksum = "8f527fa1337913ce8abe0cfff89ae2aa1bb100e5d53892cf54256c6d779108a0"
dependencies = [
 "alphanumeric",
]

[[package]]
name = "to_segments"
version = "0.1.2"
source = "registry+https://github.com/rust-lang/crates.io-index"
checksum = "4a31b9217f3bf6330cc57fc844a853bfd0dd37c30572bccdfe236d193209ff91"
